
Microsoft Visual Studio Solution File, Format Version 12.00
# Visual Studio Version 17
VisualStudioVersion = 17.2.32602.215
MinimumVisualStudioVersion = 10.0.40219.1
Project("{FAE04EC0-301F-11D3-BF4B-00C04F79EFBC}") = "HW_2022_11_30", "E:\HW_2022_11_30\HW_2022_11_30\HW_2022_11_30.csproj", "{7DE4ADBB-7848-496A-A467-0CCFF5685E51}"
EndProject
Global
	GlobalSection(SolutionConfigurationPlatforms) = preSolution
		Debug|Any CPU = Debug|Any CPU
		Release|Any CPU = Release|Any CPU
	EndGlobalSection
	GlobalSection(ProjectConfigurationPlatforms) = postSolution
		{7DE4ADBB-7848-496A-A467-0CCFF5685E51}.Debug|Any CPU.ActiveCfg = Debug|Any CPU
		{7DE4ADBB-7848-496A-A467-0CCFF5685E51}.Debug|Any CPU.Build.0 = Debug|Any CPU
		{7DE4ADBB-7848-496A-A467-0CCFF5685E51}.Release|Any CPU.ActiveCfg = Release|Any CPU
		{7DE4ADBB-7848-496A-A467-0CCFF5685E51}.Release|Any CPU.Build.0 = Release|Any CPU
	EndGlobalSection
	GlobalSection(SolutionProperties) = preSolution
		HideSolutionNode = FALSE
	EndGlobalSection
	GlobalSection(ExtensibilityGlobals) = postSolution
		SolutionGuid = {1910990E-C7D0-4338-BB01-84F5CE01D689}
	EndGlobalSection
EndGlobal
